
Microsoft Visual Studio Solution File, Format Version 12.00
# Visual Studio Version 17
VisualStudioVersion = 17.0.31903.59
MinimumVisualStudioVersion = 10.0.40219.1
Project("{2150E333-8FDC-42A3-9474-1A3956D46DE8}") = "src", "src", "{701AE0B1-D2E1-4FDB-8EA5-0B70A272E613}"
EndProject
Project("{2150E333-8FDC-42A3-9474-1A3956D46DE8}") = "test", "test", "{81C58E26-87D2-4357-87BD-F970B9AB2ED3}"
EndProject
Project("{9A19103F-16F7-4668-BE54-9A1E7A4F7556}") = "Domain", "src\Domain\Domain.csproj", "{726E392C-FF61-4638-AAE9-9FD3E54A1CF2}"
EndProject
Project("{9A19103F-16F7-4668-BE54-9A1E7A4F7556}") = "Domain.Tests", "test\Domain.Tests\Domain.Tests.csproj", "{71704BC7-931E-449A-9AB5-881AECFAA0C6}"
EndProject
Project("{FAE04EC0-301F-11D3-BF4B-00C04F79EFBC}") = "Data", "Data\Data.csproj", "{CB97F0F3-4C4D-4EAB-98F5-75F9EE89F9E8}"
	ProjectSection(ProjectDependencies) = postProject
		{726E392C-FF61-4638-AAE9-9FD3E54A1CF2} = {726E392C-FF61-4638-AAE9-9FD3E54A1CF2}
	EndProjectSection
EndProject
Project("{FAE04EC0-301F-11D3-BF4B-00C04F79EFBC}") = "Data.Tests", "Data.Tests\Data.Tests.csproj", "{57970192-C019-4659-96B2-A4A6AD9320C7}"
EndProject
Project("{9A19103F-16F7-4668-BE54-9A1E7A4F7556}") = "Data", "src\Data\Data.csproj", "{FECDC3CA-A30A-47AD-A5F6-78C92AF02539}"
	ProjectSection(ProjectDependencies) = postProject
		{726E392C-FF61-4638-AAE9-9FD3E54A1CF2} = {726E392C-FF61-4638-AAE9-9FD3E54A1CF2}
	EndProjectSection
EndProject
Project("{9A19103F-16F7-4668-BE54-9A1E7A4F7556}") = "Data.Tests", "test\Data.Tests\Data.Tests.csproj", "{B573B640-6E20-45AF-88DE-7C3655D75473}"
EndProject
Project("{FAE04EC0-301F-11D3-BF4B-00C04F79EFBC}") = "Infrastructure", "src\Infrastructure\Infrastructure.csproj", "{83A67FF0-0BCB-4F88-9530-F7C80841D945}"
EndProject
Global
	GlobalSection(SolutionConfigurationPlatforms) = preSolution
		Debug|Any CPU = Debug|Any CPU
		Release|Any CPU = Release|Any CPU
	EndGlobalSection
	GlobalSection(ProjectConfigurationPlatforms) = postSolution
		{726E392C-FF61-4638-AAE9-9FD3E54A1CF2}.Debug|Any CPU.ActiveCfg = Debug|Any CPU
		{726E392C-FF61-4638-AAE9-9FD3E54A1CF2}.Debug|Any CPU.Build.0 = Debug|Any CPU
		{726E392C-FF61-4638-AAE9-9FD3E54A1CF2}.Release|Any CPU.ActiveCfg = Release|Any CPU
		{726E392C-FF61-4638-AAE9-9FD3E54A1CF2}.Release|Any CPU.Build.0 = Release|Any CPU
		{71704BC7-931E-449A-9AB5-881AECFAA0C6}.Debug|Any CPU.ActiveCfg = Debug|Any CPU
		{71704BC7-931E-449A-9AB5-881AECFAA0C6}.Debug|Any CPU.Build.0 = Debug|Any CPU
		{71704BC7-931E-449A-9AB5-881AECFAA0C6}.Release|Any CPU.ActiveCfg = Release|Any CPU
		{71704BC7-931E-449A-9AB5-881AECFAA0C6}.Release|Any CPU.Build.0 = Release|Any CPU
		{CB97F0F3-4C4D-4EAB-98F5-75F9EE89F9E8}.Debug|Any CPU.ActiveCfg = Debug|Any CPU
		{CB97F0F3-4C4D-4EAB-98F5-75F9EE89F9E8}.Debug|Any CPU.Build.0 = Debug|Any CPU
		{CB97F0F3-4C4D-4EAB-98F5-75F9EE89F9E8}.Release|Any CPU.ActiveCfg = Release|Any CPU
		{CB97F0F3-4C4D-4EAB-98F5-75F9EE89F9E8}.Release|Any CPU.Build.0 = Release|Any CPU
		{57970192-C019-4659-96B2-A4A6AD9320C7}.Debug|Any CPU.ActiveCfg = Debug|Any CPU
		{57970192-C019-4659-96B2-A4A6AD9320C7}.Debug|Any CPU.Build.0 = Debug|Any CPU
		{57970192-C019-4659-96B2-A4A6AD9320C7}.Release|Any CPU.ActiveCfg = Release|Any CPU
		{57970192-C019-4659-96B2-A4A6AD9320C7}.Release|Any CPU.Build.0 = Release|Any CPU
		{FECDC3CA-A30A-47AD-A5F6-78C92AF02539}.Debug|Any CPU.ActiveCfg = Debug|Any CPU
		{FECDC3CA-A30A-47AD-A5F6-78C92AF02539}.Debug|Any CPU.Build.0 = Debug|Any CPU
		{FECDC3CA-A30A-47AD-A5F6-78C92AF02539}.Release|Any CPU.ActiveCfg = Release|Any CPU
		{FECDC3CA-A30A-47AD-A5F6-78C92AF02539}.Release|Any CPU.Build.0 = Release|Any CPU
		{B573B640-6E20-45AF-88DE-7C3655D75473}.Debug|Any CPU.ActiveCfg = Debug|Any CPU
		{B573B640-6E20-45AF-88DE-7C3655D75473}.Debug|Any CPU.Build.0 = Debug|Any CPU
		{B573B640-6E20-45AF-88DE-7C3655D75473}.Release|Any CPU.ActiveCfg = Release|Any CPU
		{B573B640-6E20-45AF-88DE-7C3655D75473}.Release|Any CPU.Build.0 = Release|Any CPU
		{83A67FF0-0BCB-4F88-9530-F7C80841D945}.Debug|Any CPU.ActiveCfg = Debug|Any CPU
		{83A67FF0-0BCB-4F88-9530-F7C80841D945}.Debug|Any CPU.Build.0 = Debug|Any CPU
		{83A67FF0-0BCB-4F88-9530-F7C80841D945}.Release|Any CPU.ActiveCfg = Release|Any CPU
		{83A67FF0-0BCB-4F88-9530-F7C80841D945}.Release|Any CPU.Build.0 = Release|Any CPU
	EndGlobalSection
	GlobalSection(SolutionProperties) = preSolution
		HideSolutionNode = FALSE
	EndGlobalSection
	GlobalSection(NestedProjects) = preSolution
		{726E392C-FF61-4638-AAE9-9FD3E54A1CF2} = {701AE0B1-D2E1-4FDB-8EA5-0B70A272E613}
		{71704BC7-931E-449A-9AB5-881AECFAA0C6} = {81C58E26-87D2-4357-87BD-F970B9AB2ED3}
		{CB97F0F3-4C4D-4EAB-98F5-75F9EE89F9E8} = {701AE0B1-D2E1-4FDB-8EA5-0B70A272E613}
		{57970192-C019-4659-96B2-A4A6AD9320C7} = {81C58E26-87D2-4357-87BD-F970B9AB2ED3}
		{FECDC3CA-A30A-47AD-A5F6-78C92AF02539} = {701AE0B1-D2E1-4FDB-8EA5-0B70A272E613}
		{B573B640-6E20-45AF-88DE-7C3655D75473} = {81C58E26-87D2-4357-87BD-F970B9AB2ED3}
		{83A67FF0-0BCB-4F88-9530-F7C80841D945} = {701AE0B1-D2E1-4FDB-8EA5-0B70A272E613}
	EndGlobalSection
	GlobalSection(ExtensibilityGlobals) = postSolution
		SolutionGuid = {FBE2402D-32F1-44EC-8CA5-0A5A54E66C5C}
	EndGlobalSection
EndGlobal
