
Microsoft Visual Studio Solution File, Format Version 12.00
# Visual Studio Version 17
VisualStudioVersion = 17.0.31903.59
MinimumVisualStudioVersion = 10.0.40219.1
Project("{2150E333-8FDC-42A3-9474-1A3956D46DE8}") = "src", "src", "{701AE0B1-D2E1-4FDB-8EA5-0B70A272E613}"
EndProject
Project("{2150E333-8FDC-42A3-9474-1A3956D46DE8}") = "test", "test", "{81C58E26-87D2-4357-87BD-F970B9AB2ED3}"
EndProject
Project("{9A19103F-16F7-4668-BE54-9A1E7A4F7556}") = "Domain", "src\Domain\Domain.csproj", "{726E392C-FF61-4638-AAE9-9FD3E54A1CF2}"
EndProject
Project("{9A19103F-16F7-4668-BE54-9A1E7A4F7556}") = "Domain.Tests", "test\Domain.Tests\Domain.Tests.csproj", "{71704BC7-931E-449A-9AB5-881AECFAA0C6}"
EndProject
Project("{9A19103F-16F7-4668-BE54-9A1E7A4F7556}") = "Infrastructure", "src\Infrastructure\Infrastructure.csproj", "{2294F36D-288B-4F6D-B400-261E93F908C9}"
EndProject
Project("{9A19103F-16F7-4668-BE54-9A1E7A4F7556}") = "Web.API", "src\Web.API\Web.API.csproj", "{B38BE58D-D04E-46A9-9C22-1CDBA46EEE1F}"
EndProject
Project("{FAE04EC0-301F-11D3-BF4B-00C04F79EFBC}") = "Infrastructure.Test", "test\Infrastructure.Test\Infrastructure.Test.csproj", "{7E4227AB-3AF3-4DB7-8F0C-546845B7FCCD}"
EndProject
Global
	GlobalSection(SolutionConfigurationPlatforms) = preSolution
		Debug|Any CPU = Debug|Any CPU
		Release|Any CPU = Release|Any CPU
	EndGlobalSection
	GlobalSection(ProjectConfigurationPlatforms) = postSolution
		{726E392C-FF61-4638-AAE9-9FD3E54A1CF2}.Debug|Any CPU.ActiveCfg = Debug|Any CPU
		{726E392C-FF61-4638-AAE9-9FD3E54A1CF2}.Debug|Any CPU.Build.0 = Debug|Any CPU
		{726E392C-FF61-4638-AAE9-9FD3E54A1CF2}.Release|Any CPU.ActiveCfg = Release|Any CPU
		{726E392C-FF61-4638-AAE9-9FD3E54A1CF2}.Release|Any CPU.Build.0 = Release|Any CPU
		{71704BC7-931E-449A-9AB5-881AECFAA0C6}.Debug|Any CPU.ActiveCfg = Debug|Any CPU
		{71704BC7-931E-449A-9AB5-881AECFAA0C6}.Debug|Any CPU.Build.0 = Debug|Any CPU
		{71704BC7-931E-449A-9AB5-881AECFAA0C6}.Release|Any CPU.ActiveCfg = Release|Any CPU
		{71704BC7-931E-449A-9AB5-881AECFAA0C6}.Release|Any CPU.Build.0 = Release|Any CPU
		{2294F36D-288B-4F6D-B400-261E93F908C9}.Debug|Any CPU.ActiveCfg = Debug|Any CPU
		{2294F36D-288B-4F6D-B400-261E93F908C9}.Debug|Any CPU.Build.0 = Debug|Any CPU
		{2294F36D-288B-4F6D-B400-261E93F908C9}.Release|Any CPU.ActiveCfg = Release|Any CPU
		{2294F36D-288B-4F6D-B400-261E93F908C9}.Release|Any CPU.Build.0 = Release|Any CPU
		{B38BE58D-D04E-46A9-9C22-1CDBA46EEE1F}.Debug|Any CPU.ActiveCfg = Debug|Any CPU
		{B38BE58D-D04E-46A9-9C22-1CDBA46EEE1F}.Debug|Any CPU.Build.0 = Debug|Any CPU
		{B38BE58D-D04E-46A9-9C22-1CDBA46EEE1F}.Release|Any CPU.ActiveCfg = Release|Any CPU
		{B38BE58D-D04E-46A9-9C22-1CDBA46EEE1F}.Release|Any CPU.Build.0 = Release|Any CPU
		{7E4227AB-3AF3-4DB7-8F0C-546845B7FCCD}.Debug|Any CPU.ActiveCfg = Debug|Any CPU
		{7E4227AB-3AF3-4DB7-8F0C-546845B7FCCD}.Debug|Any CPU.Build.0 = Debug|Any CPU
		{7E4227AB-3AF3-4DB7-8F0C-546845B7FCCD}.Release|Any CPU.ActiveCfg = Release|Any CPU
		{7E4227AB-3AF3-4DB7-8F0C-546845B7FCCD}.Release|Any CPU.Build.0 = Release|Any CPU
	EndGlobalSection
	GlobalSection(SolutionProperties) = preSolution
		HideSolutionNode = FALSE
	EndGlobalSection
	GlobalSection(NestedProjects) = preSolution
		{726E392C-FF61-4638-AAE9-9FD3E54A1CF2} = {701AE0B1-D2E1-4FDB-8EA5-0B70A272E613}
		{71704BC7-931E-449A-9AB5-881AECFAA0C6} = {81C58E26-87D2-4357-87BD-F970B9AB2ED3}
		{2294F36D-288B-4F6D-B400-261E93F908C9} = {701AE0B1-D2E1-4FDB-8EA5-0B70A272E613}
		{B38BE58D-D04E-46A9-9C22-1CDBA46EEE1F} = {701AE0B1-D2E1-4FDB-8EA5-0B70A272E613}
		{7E4227AB-3AF3-4DB7-8F0C-546845B7FCCD} = {81C58E26-87D2-4357-87BD-F970B9AB2ED3}
	EndGlobalSection
	GlobalSection(ExtensibilityGlobals) = postSolution
		SolutionGuid = {FBE2402D-32F1-44EC-8CA5-0A5A54E66C5C}
	EndGlobalSection
EndGlobal
